<?xml version="1.0" encoding="utf-8"?>
<Project ToolsVersion="4.0" xmlns="http://schemas.microsoft.com/developer/msbuild/2003">
  <ItemGroup>
    <Filter Include="Internal">
      <UniqueIdentifier>{93995380-89BD-4b04-88EB-625FBE52EBFB}</UniqueIdentifier>
      <Extensions>h;hh;hpp;hxx;hm;inl;inc;xsd</Extensions>
    </Filter>
    <Filter Include="Papyrus Scripts">
      <UniqueIdentifier>{7d58ee2e-77aa-4ea1-8a9b-c6d55193f6fb}</UniqueIdentifier>
    </Filter>
    <Filter Include="Net">
      <UniqueIdentifier>{89708f6a-4c78-49f1-95c5-b9b23592f7d9}</UniqueIdentifier>
    </Filter>
    <Filter Include="Net\HTTP">
      <UniqueIdentifier>{6cb04ecb-445f-4ded-b599-2bdf7d6c794b}</UniqueIdentifier>
    </Filter>
    <Filter Include="Events">
      <UniqueIdentifier>{5c432e7c-fcf0-47f9-a8ce-4130aa3c8b05}</UniqueIdentifier>
    </Filter>
  </ItemGroup>
  <ItemGroup>
    <ClInclude Include="Singleton.h">
      <Filter>Internal</Filter>
    </ClInclude>
    <ClInclude Include="Events.h">
      <Filter>Internal</Filter>
    </ClInclude>
    <ClInclude Include="Lockable.h">
      <Filter>Internal</Filter>
    </ClInclude>
    <ClInclude Include="Plugin.h" />
    <ClInclude Include="Net\Request.h">
      <Filter>Net</Filter>
    </ClInclude>
    <ClInclude Include="Net\RequestManagerBase.h">
      <Filter>Net</Filter>
    </ClInclude>
    <ClInclude Include="Net\RequestPool.h">
      <Filter>Net</Filter>
    </ClInclude>
    <ClInclude Include="Net\RequestProtocolContext.h">
      <Filter>Net</Filter>
    </ClInclude>
    <ClInclude Include="Net\HTTP\RequestManager.h">
      <Filter>Net\HTTP</Filter>
    </ClInclude>
    <ClInclude Include="Net\HTTP\RequestProtocolContext.h">
      <Filter>Net\HTTP</Filter>
    </ClInclude>
    <ClInclude Include="Net\NetInterface.h">
      <Filter>Net</Filter>
    </ClInclude>
    <ClInclude Include="PapyrusEvent.h">
      <Filter>Events</Filter>
    </ClInclude>
    <ClInclude Include="PapyrusEventHandler.h">
      <Filter>Events</Filter>
    </ClInclude>
  </ItemGroup>
  <ItemGroup>
    <ClCompile Include="Plugin.cpp" />
    <ClCompile Include="Net\Request.cpp">
      <Filter>Net</Filter>
    </ClCompile>
    <ClCompile Include="Net\RequestManagerBase.cpp">
      <Filter>Net</Filter>
    </ClCompile>
    <ClCompile Include="Net\RequestPool.cpp">
      <Filter>Net</Filter>
    </ClCompile>
    <ClCompile Include="Net\HTTP\RequestManager.cpp">
      <Filter>Net\HTTP</Filter>
    </ClCompile>
    <ClCompile Include="Net\HTTP\RequestProtocolContext.cpp">
      <Filter>Net\HTTP</Filter>
    </ClCompile>
    <ClCompile Include="Net\NetInterface.cpp">
      <Filter>Net</Filter>
    </ClCompile>
    <ClCompile Include="PapyrusEvent.cpp">
      <Filter>Events</Filter>
    </ClCompile>
    <ClCompile Include="PapyrusEventHandler.cpp">
      <Filter>Events</Filter>
    </ClCompile>
  </ItemGroup>
  <ItemGroup>
    <None Include="Papyrus Exports\SKUNet.psc">
      <Filter>Papyrus Scripts</Filter>
    </None>
    <None Include="Net\Request.inl">
      <Filter>Net</Filter>
    </None>
  </ItemGroup>
</Project>