<?xml version="1.0" encoding="utf-8"?>
<Project ToolsVersion="4.0" xmlns="http://schemas.microsoft.com/developer/msbuild/2003">
  <ItemGroup>
    <Filter Include="Internal">
      <UniqueIdentifier>{93995380-89BD-4b04-88EB-625FBE52EBFB}</UniqueIdentifier>
      <Extensions>h;hh;hpp;hxx;hm;inl;inc;xsd</Extensions>
    </Filter>
    <Filter Include="Events">
      <UniqueIdentifier>{5c432e7c-fcf0-47f9-a8ce-4130aa3c8b05}</UniqueIdentifier>
    </Filter>
    <Filter Include="Interfaces">
      <UniqueIdentifier>{70e40274-e69e-4caf-a71e-5d98cdce805d}</UniqueIdentifier>
    </Filter>
    <Filter Include="Interfaces\Steam">
      <UniqueIdentifier>{26158a41-f1fd-45a1-af96-aa2cb33c8705}</UniqueIdentifier>
    </Filter>
    <Filter Include="Interfaces\Net">
      <UniqueIdentifier>{89708f6a-4c78-49f1-95c5-b9b23592f7d9}</UniqueIdentifier>
    </Filter>
    <Filter Include="Interfaces\Net\HTTP">
      <UniqueIdentifier>{6cb04ecb-445f-4ded-b599-2bdf7d6c794b}</UniqueIdentifier>
    </Filter>
    <Filter Include="Interfaces\Misc">
      <UniqueIdentifier>{a70c1e5e-d945-46b2-a90f-242acf927a6f}</UniqueIdentifier>
    </Filter>
    <Filter Include="Skyrim Plugin">
      <UniqueIdentifier>{7197f18b-d9b0-4256-864a-264c9dd4f24e}</UniqueIdentifier>
    </Filter>
    <Filter Include="Skyrim Plugin\Papyrus Scripts">
      <UniqueIdentifier>{7d58ee2e-77aa-4ea1-8a9b-c6d55193f6fb}</UniqueIdentifier>
    </Filter>
    <Filter Include="Skyrim Plugin\MCM Translation Files">
      <UniqueIdentifier>{d2df2efb-a9b3-43a7-9764-db9203d7bf0f}</UniqueIdentifier>
    </Filter>
  </ItemGroup>
  <ItemGroup>
    <ClInclude Include="Singleton.h">
      <Filter>Internal</Filter>
    </ClInclude>
    <ClInclude Include="Events.h">
      <Filter>Internal</Filter>
    </ClInclude>
    <ClInclude Include="Lockable.h">
      <Filter>Internal</Filter>
    </ClInclude>
    <ClInclude Include="Plugin.h" />
    <ClInclude Include="Net\Request.h">
      <Filter>Interfaces\Net</Filter>
    </ClInclude>
    <ClInclude Include="Net\RequestManagerBase.h">
      <Filter>Interfaces\Net</Filter>
    </ClInclude>
    <ClInclude Include="Net\RequestPool.h">
      <Filter>Interfaces\Net</Filter>
    </ClInclude>
    <ClInclude Include="Net\RequestProtocolContext.h">
      <Filter>Interfaces\Net</Filter>
    </ClInclude>
    <ClInclude Include="Net\HTTP\RequestManager.h">
      <Filter>Interfaces\Net\HTTP</Filter>
    </ClInclude>
    <ClInclude Include="Net\HTTP\RequestProtocolContext.h">
      <Filter>Interfaces\Net\HTTP</Filter>
    </ClInclude>
    <ClInclude Include="Net\NetInterface.h">
      <Filter>Interfaces\Net</Filter>
    </ClInclude>
    <ClInclude Include="PapyrusEvent.h">
      <Filter>Events</Filter>
    </ClInclude>
    <ClInclude Include="Net\RequestEventHandler.h">
      <Filter>Interfaces\Net</Filter>
    </ClInclude>
    <ClInclude Include="Net\HTTP\BasicRequestEventHandler.h">
      <Filter>Interfaces\Net\HTTP</Filter>
    </ClInclude>
    <ClInclude Include="Net\HTTP\ModInfoRequestEventHandler.h">
      <Filter>Interfaces\Net\HTTP</Filter>
    </ClInclude>
    <ClInclude Include="Serializeable.h">
      <Filter>Internal</Filter>
    </ClInclude>
    <ClInclude Include="PapyrusEventManager.h">
      <Filter>Events</Filter>
    </ClInclude>
    <ClInclude Include="Configuration.h">
      <Filter>Internal</Filter>
    </ClInclude>
    <ClInclude Include="Steam\SteamInterface.h">
      <Filter>Interfaces\Steam</Filter>
    </ClInclude>
    <ClInclude Include="Steam\SteamAPI.h">
      <Filter>Interfaces\Steam</Filter>
    </ClInclude>
    <ClInclude Include="Misc\StringUtilInterface.h">
      <Filter>Interfaces\Misc</Filter>
    </ClInclude>
  </ItemGroup>
  <ItemGroup>
    <ClCompile Include="Plugin.cpp" />
    <ClCompile Include="Net\Request.cpp">
      <Filter>Interfaces\Net</Filter>
    </ClCompile>
    <ClCompile Include="Net\RequestManagerBase.cpp">
      <Filter>Interfaces\Net</Filter>
    </ClCompile>
    <ClCompile Include="Net\RequestPool.cpp">
      <Filter>Interfaces\Net</Filter>
    </ClCompile>
    <ClCompile Include="Net\HTTP\RequestManager.cpp">
      <Filter>Interfaces\Net\HTTP</Filter>
    </ClCompile>
    <ClCompile Include="Net\HTTP\RequestProtocolContext.cpp">
      <Filter>Interfaces\Net\HTTP</Filter>
    </ClCompile>
    <ClCompile Include="Net\NetInterface.cpp">
      <Filter>Interfaces\Net</Filter>
    </ClCompile>
    <ClCompile Include="PapyrusEvent.cpp">
      <Filter>Events</Filter>
    </ClCompile>
    <ClCompile Include="Net\HTTP\BasicRequestEventHandler.cpp">
      <Filter>Interfaces\Net\HTTP</Filter>
    </ClCompile>
    <ClCompile Include="Net\HTTP\ModInfoRequestEventHandler.cpp">
      <Filter>Interfaces\Net\HTTP</Filter>
    </ClCompile>
    <ClCompile Include="PapyrusEventManager.cpp">
      <Filter>Events</Filter>
    </ClCompile>
    <ClCompile Include="Configuration.cpp">
      <Filter>Internal</Filter>
    </ClCompile>
    <ClCompile Include="Steam\SteamAPI.cpp">
      <Filter>Interfaces\Steam</Filter>
    </ClCompile>
    <ClCompile Include="Steam\SteamInterface.cpp">
      <Filter>Interfaces\Steam</Filter>
    </ClCompile>
    <ClCompile Include="Misc\StringUtilInterface.cpp">
      <Filter>Interfaces\Misc</Filter>
    </ClCompile>
  </ItemGroup>
  <ItemGroup>
    <None Include="Net\Request.inl">
      <Filter>Interfaces\Net</Filter>
    </None>
    <None Include="Configuration.inl">
      <Filter>Internal</Filter>
    </None>
    <None Include="Skyrim Plugin\Scripts\Source\SKUNet.psc">
      <Filter>Skyrim Plugin\Papyrus Scripts</Filter>
    </None>
    <None Include="Skyrim Plugin\Scripts\Source\SKUPluginMCM.psc">
      <Filter>Skyrim Plugin\Papyrus Scripts</Filter>
    </None>
    <None Include="Skyrim Plugin\Scripts\Source\SKUSteam.psc">
      <Filter>Skyrim Plugin\Papyrus Scripts</Filter>
    </None>
    <None Include="Skyrim Plugin\Scripts\Source\SKUStringUtil.psc">
      <Filter>Skyrim Plugin\Papyrus Scripts</Filter>
    </None>
  </ItemGroup>
  <ItemGroup>
    <Text Include="Skyrim Plugin\Interface\Translations\SkyUtilities_ENGLISH.txt">
      <Filter>Skyrim Plugin\MCM Translation Files</Filter>
    </Text>
    <Text Include="Skyrim Plugin\Interface\Translations\SkyUtilities_GERMAN.txt">
      <Filter>Skyrim Plugin\MCM Translation Files</Filter>
    </Text>
  </ItemGroup>
</Project>